<?xml version="1.0" encoding="UTF-8"?>
<CodeBlocks_project_file>
	<FileVersion major="1" minor="6"/>
	<Project>
		<Option title="lab4_client_linux"/>
		<Option makefile_is_custom="1"/>
		<Option compiler="gcc"/>
		<Option virtualFolders="CMake Files\;"/>
		<Build>
			<Target title="all">
				<Option working_dir="/home/funtik/CLionProjects/ot-task4-Sabaev/client"/>
				<Option type="4"/>
				<MakeCommands>
					<Build command="/usr/bin/make -f &quot;/home/funtik/CLionProjects/ot-task4-Sabaev/client/Makefile&quot;  VERBOSE=1 all"/>
					<CompileFile command="/usr/bin/make -f &quot;/home/funtik/CLionProjects/ot-task4-Sabaev/client/Makefile&quot;  VERBOSE=1 &quot;$file&quot;"/>
					<Clean command="/usr/bin/make -f &quot;/home/funtik/CLionProjects/ot-task4-Sabaev/client/Makefile&quot;  VERBOSE=1 clean"/>
					<DistClean command="/usr/bin/make -f &quot;/home/funtik/CLionProjects/ot-task4-Sabaev/client/Makefile&quot;  VERBOSE=1 clean"/>
				</MakeCommands>
			</Target>
			<Target title="rebuild_cache">
				<Option working_dir="/home/funtik/CLionProjects/ot-task4-Sabaev/client"/>
				<Option type="4"/>
				<MakeCommands>
					<Build command="/usr/bin/make -f &quot;/home/funtik/CLionProjects/ot-task4-Sabaev/client/Makefile&quot;  VERBOSE=1 rebuild_cache"/>
					<CompileFile command="/usr/bin/make -f &quot;/home/funtik/CLionProjects/ot-task4-Sabaev/client/Makefile&quot;  VERBOSE=1 &quot;$file&quot;"/>
					<Clean command="/usr/bin/make -f &quot;/home/funtik/CLionProjects/ot-task4-Sabaev/client/Makefile&quot;  VERBOSE=1 clean"/>
					<DistClean command="/usr/bin/make -f &quot;/home/funtik/CLionProjects/ot-task4-Sabaev/client/Makefile&quot;  VERBOSE=1 clean"/>
				</MakeCommands>
			</Target>
			<Target title="lab4_client_linux">
				<Option output="/home/funtik/CLionProjects/ot-task4-Sabaev/client/lab4_client_linux" prefix_auto="0" extension_auto="0"/>
				<Option working_dir="/home/funtik/CLionProjects/ot-task4-Sabaev/client"/>
				<Option object_output="./"/>
				<Option type="1"/>
				<Option compiler="gcc"/>
				<Compiler/>
				<MakeCommands>
					<Build command="/usr/bin/make -f &quot;/home/funtik/CLionProjects/ot-task4-Sabaev/client/Makefile&quot;  VERBOSE=1 lab4_client_linux"/>
					<CompileFile command="/usr/bin/make -f &quot;/home/funtik/CLionProjects/ot-task4-Sabaev/client/Makefile&quot;  VERBOSE=1 &quot;$file&quot;"/>
					<Clean command="/usr/bin/make -f &quot;/home/funtik/CLionProjects/ot-task4-Sabaev/client/Makefile&quot;  VERBOSE=1 clean"/>
					<DistClean command="/usr/bin/make -f &quot;/home/funtik/CLionProjects/ot-task4-Sabaev/client/Makefile&quot;  VERBOSE=1 clean"/>
				</MakeCommands>
			</Target>
			<Target title="lab4_client_linux/fast">
				<Option output="/home/funtik/CLionProjects/ot-task4-Sabaev/client/lab4_client_linux" prefix_auto="0" extension_auto="0"/>
				<Option working_dir="/home/funtik/CLionProjects/ot-task4-Sabaev/client"/>
				<Option object_output="./"/>
				<Option type="1"/>
				<Option compiler="gcc"/>
				<Compiler/>
				<MakeCommands>
					<Build command="/usr/bin/make -f &quot;/home/funtik/CLionProjects/ot-task4-Sabaev/client/Makefile&quot;  VERBOSE=1 lab4_client_linux/fast"/>
					<CompileFile command="/usr/bin/make -f &quot;/home/funtik/CLionProjects/ot-task4-Sabaev/client/Makefile&quot;  VERBOSE=1 &quot;$file&quot;"/>
					<Clean command="/usr/bin/make -f &quot;/home/funtik/CLionProjects/ot-task4-Sabaev/client/Makefile&quot;  VERBOSE=1 clean"/>
					<DistClean command="/usr/bin/make -f &quot;/home/funtik/CLionProjects/ot-task4-Sabaev/client/Makefile&quot;  VERBOSE=1 clean"/>
				</MakeCommands>
			</Target>
			<Target title="edit_cache">
				<Option working_dir="/home/funtik/CLionProjects/ot-task4-Sabaev/client"/>
				<Option type="4"/>
				<MakeCommands>
					<Build command="/usr/bin/make -f &quot;/home/funtik/CLionProjects/ot-task4-Sabaev/client/Makefile&quot;  VERBOSE=1 edit_cache"/>
					<CompileFile command="/usr/bin/make -f &quot;/home/funtik/CLionProjects/ot-task4-Sabaev/client/Makefile&quot;  VERBOSE=1 &quot;$file&quot;"/>
					<Clean command="/usr/bin/make -f &quot;/home/funtik/CLionProjects/ot-task4-Sabaev/client/Makefile&quot;  VERBOSE=1 clean"/>
					<DistClean command="/usr/bin/make -f &quot;/home/funtik/CLionProjects/ot-task4-Sabaev/client/Makefile&quot;  VERBOSE=1 clean"/>
				</MakeCommands>
			</Target>
		</Build>
		<Unit filename="/home/funtik/CLionProjects/ot-task4-Sabaev/client/main.cpp">
			<Option target="lab4_client_linux"/>
		</Unit>
		<Unit filename="/home/funtik/CLionProjects/ot-task4-Sabaev/common/UDPSocket.h">
			<Option target="lab4_client_linux"/>
		</Unit>
		<Unit filename="/home/funtik/CLionProjects/ot-task4-Sabaev/client/CMakeLists.txt">
			<Option virtualFolder="CMake Files\"/>
		</Unit>
	</Project>
</CodeBlocks_project_file>
